
Microsoft Visual Studio Solution File, Format Version 12.00
# Visual Studio Version 17
VisualStudioVersion = 17.0.31903.59
MinimumVisualStudioVersion = 10.0.40219.1
Project("{FAE04EC0-301F-11D3-BF4B-00C04F79EFBC}") = "aoc_2024", "day_1\aoc_2024.csproj", "{6E150CB9-6FA6-4909-8769-ABA5A5B38706}"
EndProject
Project("{FAE04EC0-301F-11D3-BF4B-00C04F79EFBC}") = "day_2", "day_2\day_2.csproj", "{AFD8CB84-7837-477C-BC11-5F1D9816FE0E}"
EndProject
Project("{FAE04EC0-301F-11D3-BF4B-00C04F79EFBC}") = "day_3", "day_3\day_3.csproj", "{E06DB183-D23D-44D5-9FBF-7F2FA64CBE20}"
EndProject
Project("{FAE04EC0-301F-11D3-BF4B-00C04F79EFBC}") = "day_4", "day_4\day_4.csproj", "{765518CF-F362-434E-BD63-B5CACB1FD51B}"
EndProject
Project("{FAE04EC0-301F-11D3-BF4B-00C04F79EFBC}") = "day_5", "day_5\day_5.csproj", "{D803A3DA-9ACF-4916-BC71-F6C18A1324AF}"
EndProject
Project("{FAE04EC0-301F-11D3-BF4B-00C04F79EFBC}") = "day_6", "day_6\day_6.csproj", "{5B011D28-F233-4837-A89C-566E791502B1}"
EndProject
Project("{FAE04EC0-301F-11D3-BF4B-00C04F79EFBC}") = "day_7", "day_7\day_7.csproj", "{6A661810-95BF-4AB9-B8A1-450BC58D8118}"
EndProject
Global
	GlobalSection(SolutionConfigurationPlatforms) = preSolution
		Debug|Any CPU = Debug|Any CPU
		Release|Any CPU = Release|Any CPU
	EndGlobalSection
	GlobalSection(SolutionProperties) = preSolution
		HideSolutionNode = FALSE
	EndGlobalSection
	GlobalSection(ProjectConfigurationPlatforms) = postSolution
		{6E150CB9-6FA6-4909-8769-ABA5A5B38706}.Debug|Any CPU.ActiveCfg = Debug|Any CPU
		{6E150CB9-6FA6-4909-8769-ABA5A5B38706}.Debug|Any CPU.Build.0 = Debug|Any CPU
		{6E150CB9-6FA6-4909-8769-ABA5A5B38706}.Release|Any CPU.ActiveCfg = Release|Any CPU
		{6E150CB9-6FA6-4909-8769-ABA5A5B38706}.Release|Any CPU.Build.0 = Release|Any CPU
		{AFD8CB84-7837-477C-BC11-5F1D9816FE0E}.Debug|Any CPU.ActiveCfg = Debug|Any CPU
		{AFD8CB84-7837-477C-BC11-5F1D9816FE0E}.Debug|Any CPU.Build.0 = Debug|Any CPU
		{AFD8CB84-7837-477C-BC11-5F1D9816FE0E}.Release|Any CPU.ActiveCfg = Release|Any CPU
		{AFD8CB84-7837-477C-BC11-5F1D9816FE0E}.Release|Any CPU.Build.0 = Release|Any CPU
		{E06DB183-D23D-44D5-9FBF-7F2FA64CBE20}.Debug|Any CPU.ActiveCfg = Debug|Any CPU
		{E06DB183-D23D-44D5-9FBF-7F2FA64CBE20}.Debug|Any CPU.Build.0 = Debug|Any CPU
		{E06DB183-D23D-44D5-9FBF-7F2FA64CBE20}.Release|Any CPU.ActiveCfg = Release|Any CPU
		{E06DB183-D23D-44D5-9FBF-7F2FA64CBE20}.Release|Any CPU.Build.0 = Release|Any CPU
		{765518CF-F362-434E-BD63-B5CACB1FD51B}.Debug|Any CPU.ActiveCfg = Debug|Any CPU
		{765518CF-F362-434E-BD63-B5CACB1FD51B}.Debug|Any CPU.Build.0 = Debug|Any CPU
		{765518CF-F362-434E-BD63-B5CACB1FD51B}.Release|Any CPU.ActiveCfg = Release|Any CPU
		{765518CF-F362-434E-BD63-B5CACB1FD51B}.Release|Any CPU.Build.0 = Release|Any CPU
		{D803A3DA-9ACF-4916-BC71-F6C18A1324AF}.Debug|Any CPU.ActiveCfg = Debug|Any CPU
		{D803A3DA-9ACF-4916-BC71-F6C18A1324AF}.Debug|Any CPU.Build.0 = Debug|Any CPU
		{D803A3DA-9ACF-4916-BC71-F6C18A1324AF}.Release|Any CPU.ActiveCfg = Release|Any CPU
		{D803A3DA-9ACF-4916-BC71-F6C18A1324AF}.Release|Any CPU.Build.0 = Release|Any CPU
		{5B011D28-F233-4837-A89C-566E791502B1}.Debug|Any CPU.ActiveCfg = Debug|Any CPU
		{5B011D28-F233-4837-A89C-566E791502B1}.Debug|Any CPU.Build.0 = Debug|Any CPU
		{5B011D28-F233-4837-A89C-566E791502B1}.Release|Any CPU.ActiveCfg = Release|Any CPU
		{5B011D28-F233-4837-A89C-566E791502B1}.Release|Any CPU.Build.0 = Release|Any CPU
		{6A661810-95BF-4AB9-B8A1-450BC58D8118}.Debug|Any CPU.ActiveCfg = Debug|Any CPU
		{6A661810-95BF-4AB9-B8A1-450BC58D8118}.Debug|Any CPU.Build.0 = Debug|Any CPU
		{6A661810-95BF-4AB9-B8A1-450BC58D8118}.Release|Any CPU.ActiveCfg = Release|Any CPU
		{6A661810-95BF-4AB9-B8A1-450BC58D8118}.Release|Any CPU.Build.0 = Release|Any CPU
	EndGlobalSection
EndGlobal
