
Microsoft Visual Studio Solution File, Format Version 12.00
# Visual Studio Version 17
VisualStudioVersion = 17.5.002.0
MinimumVisualStudioVersion = 10.0.40219.1
Project("{9A19103F-16F7-4668-BE54-9A1E7A4F7556}") = "aoc_2024", "aoc_2024.csproj", "{91DEEBBB-6EF5-4D30-88E3-51919A0FAFC0}"
EndProject
Global
	GlobalSection(SolutionConfigurationPlatforms) = preSolution
		Debug|Any CPU = Debug|Any CPU
		Release|Any CPU = Release|Any CPU
	EndGlobalSection
	GlobalSection(ProjectConfigurationPlatforms) = postSolution
		{91DEEBBB-6EF5-4D30-88E3-51919A0FAFC0}.Debug|Any CPU.ActiveCfg = Debug|Any CPU
		{91DEEBBB-6EF5-4D30-88E3-51919A0FAFC0}.Debug|Any CPU.Build.0 = Debug|Any CPU
		{91DEEBBB-6EF5-4D30-88E3-51919A0FAFC0}.Release|Any CPU.ActiveCfg = Release|Any CPU
		{91DEEBBB-6EF5-4D30-88E3-51919A0FAFC0}.Release|Any CPU.Build.0 = Release|Any CPU
	EndGlobalSection
	GlobalSection(SolutionProperties) = preSolution
		HideSolutionNode = FALSE
	EndGlobalSection
	GlobalSection(ExtensibilityGlobals) = postSolution
		SolutionGuid = {CF120401-FEBE-4A8A-A6E3-60A0FCC2423D}
	EndGlobalSection
EndGlobal
